<?xml version="1.0" encoding="utf-8"?>
<Project ToolsVersion="4.0" xmlns="http://schemas.microsoft.com/developer/msbuild/2003">
  <ItemGroup>
    <Filter Include="Source Files">
      <UniqueIdentifier>{4FC737F1-C7A5-4376-A066-2A32D752A2FF}</UniqueIdentifier>
      <Extensions>cpp;c;cc;cxx;c++;cppm;ixx;def;odl;idl;hpj;bat;asm;asmx</Extensions>
    </Filter>
    <Filter Include="Header Files">
      <UniqueIdentifier>{93995380-89BD-4b04-88EB-625FBE52EBFB}</UniqueIdentifier>
      <Extensions>h;hh;hpp;hxx;h++;hm;inl;inc;ipp;xsd</Extensions>
    </Filter>
    <Filter Include="Resource Files">
      <UniqueIdentifier>{67DA6AB6-F800-4c08-8B7A-83BB121AAD01}</UniqueIdentifier>
      <Extensions>rc;ico;cur;bmp;dlg;rc2;rct;bin;rgs;gif;jpg;jpeg;jpe;resx;tiff;tif;png;wav;mfcribbon-ms</Extensions>
    </Filter>
  </ItemGroup>
  <ItemGroup>
    <ClCompile Include="Hilda.cpp">
      <Filter>Source Files</Filter>
    </ClCompile>
    <ClCompile Include="Libraries\glad.c">
      <Filter>Source Files</Filter>
    </ClCompile>
  </ItemGroup>
  <ItemGroup>
    <None Include=".gitignore" />
    <None Include=".gitattributes" />
    <None Include="shaders\vertex.vert" />
    <None Include="shaders\fragment.frag" />
    <None Include="shaders\compute.comp" />
    <None Include="assets\camera.bin">
      <Filter>Resource Files</Filter>
    </None>
    <None Include="assets\portal12.bin">
      <Filter>Resource Files</Filter>
    </None>
    <None Include="assets\portal13.bin">
      <Filter>Resource Files</Filter>
    </None>
    <None Include="assets\portal14.bin">
      <Filter>Resource Files</Filter>
    </None>
    <None Include="assets\portal15.bin">
      <Filter>Resource Files</Filter>
    </None>
    <None Include="assets\portal26.bin">
      <Filter>Resource Files</Filter>
    </None>
    <None Include="assets\room1.bin">
      <Filter>Resource Files</Filter>
    </None>
    <None Include="assets\room2.bin">
      <Filter>Resource Files</Filter>
    </None>
    <None Include="assets\room3.bin">
      <Filter>Resource Files</Filter>
    </None>
    <None Include="assets\room4.bin">
      <Filter>Resource Files</Filter>
    </None>
    <None Include="assets\room5.bin">
      <Filter>Resource Files</Filter>
    </None>
    <None Include="assets\room6.bin">
      <Filter>Resource Files</Filter>
    </None>
    <None Include="shaders\screen.frag" />
    <None Include="shaders\screen.vert" />
    <None Include="Assets\.gitmodules" />
    <None Include="Assets\italy\Italy.gltf" />
    <None Include="Assets\italy\Italy.blend" />
    <None Include="Assets\italy\Italy.bin">
      <Filter>Resource Files</Filter>
    </None>
    <None Include="Assets\backroom\room6.gltf" />
    <None Include="Assets\backroom\room6.bin">
      <Filter>Resource Files</Filter>
    </None>
    <None Include="Assets\backroom\room5.gltf" />
    <None Include="Assets\backroom\room5.bin">
      <Filter>Resource Files</Filter>
    </None>
    <None Include="Assets\backroom\room4.gltf" />
    <None Include="Assets\backroom\room4.bin">
      <Filter>Resource Files</Filter>
    </None>
    <None Include="Assets\backroom\room3.gltf" />
    <None Include="Assets\backroom\room3.bin">
      <Filter>Resource Files</Filter>
    </None>
    <None Include="Assets\backroom\room2.gltf" />
    <None Include="Assets\backroom\room2.bin">
      <Filter>Resource Files</Filter>
    </None>
    <None Include="Assets\backroom\room1.gltf" />
    <None Include="Assets\backroom\room1.bin">
      <Filter>Resource Files</Filter>
    </None>
    <None Include="Assets\backroom\portal26.gltf" />
    <None Include="Assets\backroom\portal26.bin">
      <Filter>Resource Files</Filter>
    </None>
    <None Include="Assets\backroom\portal15.gltf" />
    <None Include="Assets\backroom\portal15.bin">
      <Filter>Resource Files</Filter>
    </None>
    <None Include="Assets\backroom\portal14.gltf" />
    <None Include="Assets\backroom\portal14.bin">
      <Filter>Resource Files</Filter>
    </None>
    <None Include="Assets\backroom\portal13.gltf" />
    <None Include="Assets\backroom\portal13.bin">
      <Filter>Resource Files</Filter>
    </None>
    <None Include="Assets\backroom\portal12.gltf" />
    <None Include="Assets\backroom\portal12.bin">
      <Filter>Resource Files</Filter>
    </None>
    <None Include="Assets\backroom\environment.blend" />
    <None Include="Assets\backroom\camera.gltf" />
    <None Include="Assets\backroom\camera.bin">
      <Filter>Resource Files</Filter>
    </None>
    <None Include=".gitmodules" />
  </ItemGroup>
  <ItemGroup>
    <ClInclude Include="Hilda.hpp">
      <Filter>Header Files</Filter>
    </ClInclude>
    <ClInclude Include="headers\glad\glad.h">
      <Filter>Header Files</Filter>
    </ClInclude>
    <ClInclude Include="headers\GLFW\glfw3.h">
      <Filter>Header Files</Filter>
    </ClInclude>
    <ClInclude Include="headers\GLFW\glfw3native.h">
      <Filter>Header Files</Filter>
    </ClInclude>
    <ClInclude Include="headers\KHR\khrplatform.h">
      <Filter>Header Files</Filter>
    </ClInclude>
    <ClInclude Include="headers\tinygltf\json.hpp">
      <Filter>Header Files</Filter>
    </ClInclude>
    <ClInclude Include="headers\tinygltf\stb_image.h">
      <Filter>Header Files</Filter>
    </ClInclude>
    <ClInclude Include="headers\tinygltf\stb_image_write.h">
      <Filter>Header Files</Filter>
    </ClInclude>
    <ClInclude Include="headers\tinygltf\tiny_gltf.h">
      <Filter>Header Files</Filter>
    </ClInclude>
    <ClInclude Include="Headers\LibOVR\Extras\OVR_CAPI_Util.h">
      <Filter>Header Files</Filter>
    </ClInclude>
    <ClInclude Include="Headers\LibOVR\Extras\OVR_Math.h">
      <Filter>Header Files</Filter>
    </ClInclude>
    <ClInclude Include="Headers\LibOVR\Extras\OVR_StereoProjection.h">
      <Filter>Header Files</Filter>
    </ClInclude>
    <ClInclude Include="Headers\LibOVR\OVR_CAPI.h">
      <Filter>Header Files</Filter>
    </ClInclude>
    <ClInclude Include="Headers\LibOVR\OVR_CAPI_Audio.h">
      <Filter>Header Files</Filter>
    </ClInclude>
    <ClInclude Include="Headers\LibOVR\OVR_CAPI_D3D.h">
      <Filter>Header Files</Filter>
    </ClInclude>
    <ClInclude Include="Headers\LibOVR\OVR_CAPI_GL.h">
      <Filter>Header Files</Filter>
    </ClInclude>
    <ClInclude Include="Headers\LibOVR\OVR_CAPI_Keys.h">
      <Filter>Header Files</Filter>
    </ClInclude>
    <ClInclude Include="Headers\LibOVR\OVR_CAPI_Vk.h">
      <Filter>Header Files</Filter>
    </ClInclude>
    <ClInclude Include="Headers\LibOVR\OVR_ErrorCode.h">
      <Filter>Header Files</Filter>
    </ClInclude>
    <ClInclude Include="Headers\LibOVR\OVR_Version.h">
      <Filter>Header Files</Filter>
    </ClInclude>
  </ItemGroup>
  <ItemGroup>
    <Library Include="libraries\glfw3.lib" />
    <Library Include="Libraries\LibOVR.lib" />
  </ItemGroup>
  <ItemGroup>
    <Image Include="Assets\italy\cs_italy_texture_79.jpg">
      <Filter>Resource Files</Filter>
    </Image>
    <Image Include="Assets\italy\cs_italy_texture_78.jpg">
      <Filter>Resource Files</Filter>
    </Image>
    <Image Include="Assets\italy\cs_italy_texture_77.jpg">
      <Filter>Resource Files</Filter>
    </Image>
    <Image Include="Assets\italy\cs_italy_texture_76.jpg">
      <Filter>Resource Files</Filter>
    </Image>
    <Image Include="Assets\italy\cs_italy_texture_75.jpg">
      <Filter>Resource Files</Filter>
    </Image>
    <Image Include="Assets\italy\cs_italy_texture_74.jpg">
      <Filter>Resource Files</Filter>
    </Image>
    <Image Include="Assets\italy\cs_italy_texture_73.jpg">
      <Filter>Resource Files</Filter>
    </Image>
    <Image Include="Assets\italy\cs_italy_texture_72.jpg">
      <Filter>Resource Files</Filter>
    </Image>
    <Image Include="Assets\italy\cs_italy_texture_71.jpg">
      <Filter>Resource Files</Filter>
    </Image>
    <Image Include="Assets\italy\cs_italy_texture_70.jpg">
      <Filter>Resource Files</Filter>
    </Image>
    <Image Include="Assets\italy\cs_italy_texture_69.jpg">
      <Filter>Resource Files</Filter>
    </Image>
    <Image Include="Assets\italy\cs_italy_texture_68.jpg">
      <Filter>Resource Files</Filter>
    </Image>
    <Image Include="Assets\italy\cs_italy_texture_67.jpg">
      <Filter>Resource Files</Filter>
    </Image>
    <Image Include="Assets\italy\cs_italy_texture_66.jpg">
      <Filter>Resource Files</Filter>
    </Image>
    <Image Include="Assets\italy\cs_italy_texture_65.jpg">
      <Filter>Resource Files</Filter>
    </Image>
    <Image Include="Assets\italy\cs_italy_texture_64.jpg">
      <Filter>Resource Files</Filter>
    </Image>
    <Image Include="Assets\italy\cs_italy_texture_63.jpg">
      <Filter>Resource Files</Filter>
    </Image>
    <Image Include="Assets\italy\cs_italy_texture_62.jpg">
      <Filter>Resource Files</Filter>
    </Image>
    <Image Include="Assets\italy\cs_italy_texture_61.jpg">
      <Filter>Resource Files</Filter>
    </Image>
    <Image Include="Assets\italy\cs_italy_texture_60.jpg">
      <Filter>Resource Files</Filter>
    </Image>
    <Image Include="Assets\italy\cs_italy_texture_59.jpg">
      <Filter>Resource Files</Filter>
    </Image>
    <Image Include="Assets\italy\cs_italy_texture_58.jpg">
      <Filter>Resource Files</Filter>
    </Image>
    <Image Include="Assets\italy\cs_italy_texture_57.jpg">
      <Filter>Resource Files</Filter>
    </Image>
    <Image Include="Assets\italy\cs_italy_texture_56.jpg">
      <Filter>Resource Files</Filter>
    </Image>
    <Image Include="Assets\italy\cs_italy_texture_55.jpg">
      <Filter>Resource Files</Filter>
    </Image>
    <Image Include="Assets\italy\cs_italy_texture_54.jpg">
      <Filter>Resource Files</Filter>
    </Image>
    <Image Include="Assets\italy\cs_italy_texture_53.jpg">
      <Filter>Resource Files</Filter>
    </Image>
    <Image Include="Assets\italy\cs_italy_texture_52.jpg">
      <Filter>Resource Files</Filter>
    </Image>
    <Image Include="Assets\italy\cs_italy_texture_51.jpg">
      <Filter>Resource Files</Filter>
    </Image>
    <Image Include="Assets\italy\cs_italy_texture_50.jpg">
      <Filter>Resource Files</Filter>
    </Image>
    <Image Include="Assets\italy\cs_italy_texture_49.jpg">
      <Filter>Resource Files</Filter>
    </Image>
    <Image Include="Assets\italy\cs_italy_texture_48.jpg">
      <Filter>Resource Files</Filter>
    </Image>
    <Image Include="Assets\italy\cs_italy_texture_47.jpg">
      <Filter>Resource Files</Filter>
    </Image>
    <Image Include="Assets\italy\cs_italy_texture_46.jpg">
      <Filter>Resource Files</Filter>
    </Image>
    <Image Include="Assets\italy\cs_italy_texture_45.jpg">
      <Filter>Resource Files</Filter>
    </Image>
    <Image Include="Assets\italy\cs_italy_texture_44.jpg">
      <Filter>Resource Files</Filter>
    </Image>
    <Image Include="Assets\italy\cs_italy_texture_43.jpg">
      <Filter>Resource Files</Filter>
    </Image>
    <Image Include="Assets\italy\cs_italy_texture_42.jpg">
      <Filter>Resource Files</Filter>
    </Image>
    <Image Include="Assets\italy\cs_italy_texture_41.jpg">
      <Filter>Resource Files</Filter>
    </Image>
    <Image Include="Assets\italy\cs_italy_texture_40.jpg">
      <Filter>Resource Files</Filter>
    </Image>
    <Image Include="Assets\italy\cs_italy_texture_39.jpg">
      <Filter>Resource Files</Filter>
    </Image>
    <Image Include="Assets\italy\cs_italy_texture_38.jpg">
      <Filter>Resource Files</Filter>
    </Image>
    <Image Include="Assets\italy\cs_italy_texture_37.jpg">
      <Filter>Resource Files</Filter>
    </Image>
    <Image Include="Assets\italy\cs_italy_texture_36.jpg">
      <Filter>Resource Files</Filter>
    </Image>
    <Image Include="Assets\italy\cs_italy_texture_35.jpg">
      <Filter>Resource Files</Filter>
    </Image>
    <Image Include="Assets\italy\cs_italy_texture_34.jpg">
      <Filter>Resource Files</Filter>
    </Image>
    <Image Include="Assets\italy\cs_italy_texture_33.jpg">
      <Filter>Resource Files</Filter>
    </Image>
    <Image Include="Assets\italy\cs_italy_texture_32.jpg">
      <Filter>Resource Files</Filter>
    </Image>
    <Image Include="Assets\italy\cs_italy_texture_31.jpg">
      <Filter>Resource Files</Filter>
    </Image>
    <Image Include="Assets\italy\cs_italy_texture_30.jpg">
      <Filter>Resource Files</Filter>
    </Image>
    <Image Include="Assets\italy\cs_italy_texture_29.jpg">
      <Filter>Resource Files</Filter>
    </Image>
    <Image Include="Assets\italy\cs_italy_texture_28.jpg">
      <Filter>Resource Files</Filter>
    </Image>
    <Image Include="Assets\italy\cs_italy_texture_27.jpg">
      <Filter>Resource Files</Filter>
    </Image>
    <Image Include="Assets\italy\cs_italy_texture_26.jpg">
      <Filter>Resource Files</Filter>
    </Image>
    <Image Include="Assets\italy\cs_italy_texture_25.jpg">
      <Filter>Resource Files</Filter>
    </Image>
    <Image Include="Assets\italy\cs_italy_texture_24.jpg">
      <Filter>Resource Files</Filter>
    </Image>
    <Image Include="Assets\italy\cs_italy_texture_23.jpg">
      <Filter>Resource Files</Filter>
    </Image>
    <Image Include="Assets\italy\cs_italy_texture_22.jpg">
      <Filter>Resource Files</Filter>
    </Image>
    <Image Include="Assets\italy\cs_italy_texture_21.jpg">
      <Filter>Resource Files</Filter>
    </Image>
    <Image Include="Assets\italy\cs_italy_texture_20.jpg">
      <Filter>Resource Files</Filter>
    </Image>
    <Image Include="Assets\italy\cs_italy_texture_19.jpg">
      <Filter>Resource Files</Filter>
    </Image>
    <Image Include="Assets\italy\cs_italy_texture_18.jpg">
      <Filter>Resource Files</Filter>
    </Image>
    <Image Include="Assets\italy\cs_italy_texture_17.jpg">
      <Filter>Resource Files</Filter>
    </Image>
    <Image Include="Assets\italy\cs_italy_texture_16.jpg">
      <Filter>Resource Files</Filter>
    </Image>
    <Image Include="Assets\italy\cs_italy_texture_15.jpg">
      <Filter>Resource Files</Filter>
    </Image>
    <Image Include="Assets\italy\cs_italy_texture_14.jpg">
      <Filter>Resource Files</Filter>
    </Image>
    <Image Include="Assets\italy\cs_italy_texture_13.jpg">
      <Filter>Resource Files</Filter>
    </Image>
    <Image Include="Assets\italy\cs_italy_texture_12.jpg">
      <Filter>Resource Files</Filter>
    </Image>
    <Image Include="Assets\italy\cs_italy_texture_11.jpg">
      <Filter>Resource Files</Filter>
    </Image>
    <Image Include="Assets\italy\cs_italy_texture_10.jpg">
      <Filter>Resource Files</Filter>
    </Image>
    <Image Include="Assets\italy\cs_italy_texture_9.jpg">
      <Filter>Resource Files</Filter>
    </Image>
    <Image Include="Assets\italy\cs_italy_texture_8.jpg">
      <Filter>Resource Files</Filter>
    </Image>
    <Image Include="Assets\italy\cs_italy_texture_7.jpg">
      <Filter>Resource Files</Filter>
    </Image>
    <Image Include="Assets\italy\cs_italy_texture_6.jpg">
      <Filter>Resource Files</Filter>
    </Image>
    <Image Include="Assets\italy\cs_italy_texture_5.jpg">
      <Filter>Resource Files</Filter>
    </Image>
    <Image Include="Assets\italy\cs_italy_texture_4.jpg">
      <Filter>Resource Files</Filter>
    </Image>
    <Image Include="Assets\italy\cs_italy_texture_3.jpg">
      <Filter>Resource Files</Filter>
    </Image>
    <Image Include="Assets\italy\cs_italy_texture_2.jpg">
      <Filter>Resource Files</Filter>
    </Image>
    <Image Include="Assets\italy\cs_italy_texture_1.jpg">
      <Filter>Resource Files</Filter>
    </Image>
    <Image Include="Assets\italy\cs_italy_texture_0.jpg">
      <Filter>Resource Files</Filter>
    </Image>
    <Image Include="Assets\backroom\wood6.jpg">
      <Filter>Resource Files</Filter>
    </Image>
    <Image Include="Assets\backroom\wood5.jpg">
      <Filter>Resource Files</Filter>
    </Image>
    <Image Include="Assets\backroom\wood4.jpg">
      <Filter>Resource Files</Filter>
    </Image>
    <Image Include="Assets\backroom\wood3.jpg">
      <Filter>Resource Files</Filter>
    </Image>
    <Image Include="Assets\backroom\wood2.jpg">
      <Filter>Resource Files</Filter>
    </Image>
    <Image Include="Assets\backroom\wood1.jpg">
      <Filter>Resource Files</Filter>
    </Image>
    <Image Include="Assets\backroom\rust2.jpg">
      <Filter>Resource Files</Filter>
    </Image>
    <Image Include="Assets\backroom\rust1.jpg">
      <Filter>Resource Files</Filter>
    </Image>
    <Image Include="Assets\backroom\placeholder.jpg">
      <Filter>Resource Files</Filter>
    </Image>
    <Image Include="Assets\backroom\pebbles1.jpg">
      <Filter>Resource Files</Filter>
    </Image>
    <Image Include="Assets\backroom\metal1.jpg">
      <Filter>Resource Files</Filter>
    </Image>
    <Image Include="Assets\backroom\gravel1.jpg">
      <Filter>Resource Files</Filter>
    </Image>
    <Image Include="Assets\backroom\concrete4.jpg">
      <Filter>Resource Files</Filter>
    </Image>
    <Image Include="Assets\backroom\concrete3.jpg">
      <Filter>Resource Files</Filter>
    </Image>
    <Image Include="Assets\backroom\concrete2.jpg">
      <Filter>Resource Files</Filter>
    </Image>
    <Image Include="Assets\backroom\concrete1.jpg">
      <Filter>Resource Files</Filter>
    </Image>
    <Image Include="Assets\backroom\cobblestones2.jpg">
      <Filter>Resource Files</Filter>
    </Image>
    <Image Include="Assets\backroom\cobblestones1.jpg">
      <Filter>Resource Files</Filter>
    </Image>
    <Image Include="Assets\backroom\brick5.jpg">
      <Filter>Resource Files</Filter>
    </Image>
    <Image Include="Assets\backroom\brick4.jpg">
      <Filter>Resource Files</Filter>
    </Image>
    <Image Include="Assets\backroom\brick3.jpg">
      <Filter>Resource Files</Filter>
    </Image>
    <Image Include="Assets\backroom\brick2.jpg">
      <Filter>Resource Files</Filter>
    </Image>
    <Image Include="Assets\backroom\brick1.jpg">
      <Filter>Resource Files</Filter>
    </Image>
  </ItemGroup>
</Project>